{
    "_readme": [
        "This file locks the dependencies of your project to a known state",
        "Read more about it at https://getcomposer.org/doc/01-basic-usage.md#installing-dependencies",
        "This file is @generated automatically"
    ],
    "content-hash": "b9a7f7bab1e9c9e598f7e4a17a6ed4a5",
    "packages": [
        {
            "name": "wolfcast/browser-detection",
            "version": "2.9.1",
            "source": {
                "type": "git",
                "url": "https://github.com/Wolfcast/BrowserDetection.git",
                "reference": "eda2b898e69d52c7eb5d613e15ebde2f4dafb625"
            },
            "dist": {
                "type": "zip",
                "url": "https://api.github.com/repos/Wolfcast/BrowserDetection/zipball/eda2b898e69d52c7eb5d613e15ebde2f4dafb625",
                "reference": "eda2b898e69d52c7eb5d613e15ebde2f4dafb625",
                "shasum": ""
            },
            "require": {
                "php": ">=5.3.0"
            },
            "type": "library",
            "autoload": {
                "classmap": [
                    "lib/BrowserDetection.php"
                ]
            },
            "notification-url": "https://packagist.org/downloads/",
            "license": [
                "LGPL-3.0-or-later"
            ],
            "authors": [
                {
                    "name": "Alexandre Valiquette",
                    "homepage": "https://wolfcast.com/",
                    "role": "Lead developer"
                }
            ],
            "description": "The Wolfcast BrowserDetection PHP class facilitates the identification of the user's environment such as Web browser, version, platform family, platform version or if it's a mobile device or not.",
            "homepage": "https://github.com/Wolfcast/BrowserDetection",
            "keywords": [
                "browser",
                "detection",
                "environment",
                "mobile",
                "platform",
                "version"
            ],
            "time": "2018-08-24T00:17:38+00:00"
        }
    ],
    "packages-dev": [],
    "aliases": [],
    "minimum-stability": "stable",
    "stability-flags": [],
    "prefer-stable": false,
    "prefer-lowest": false,
    "platform": [],
    "platform-dev": []
}
